
Microsoft Visual Studio Solution File, Format Version 12.00
# Visual Studio 2012
Project("{FAE04EC0-301F-11D3-BF4B-00C04F79EFBC}") = "bash.im.lib", "bash.im.lib\bash.im.lib.csproj", "{306D28E0-138F-4B7E-A92B-9708C55814CC}"
EndProject
Project("{FAE04EC0-301F-11D3-BF4B-00C04F79EFBC}") = "bash.im", "bash.im\bash.im.csproj", "{11EF4525-FE99-4ACA-B491-EA86FF983763}"
EndProject
Global
	GlobalSection(SolutionConfigurationPlatforms) = preSolution
		Debug|Any CPU = Debug|Any CPU
		Release|Any CPU = Release|Any CPU
	EndGlobalSection
	GlobalSection(ProjectConfigurationPlatforms) = postSolution
		{306D28E0-138F-4B7E-A92B-9708C55814CC}.Debug|Any CPU.ActiveCfg = Debug|Any CPU
		{306D28E0-138F-4B7E-A92B-9708C55814CC}.Debug|Any CPU.Build.0 = Debug|Any CPU
		{306D28E0-138F-4B7E-A92B-9708C55814CC}.Release|Any CPU.ActiveCfg = Release|Any CPU
		{306D28E0-138F-4B7E-A92B-9708C55814CC}.Release|Any CPU.Build.0 = Release|Any CPU
		{11EF4525-FE99-4ACA-B491-EA86FF983763}.Debug|Any CPU.ActiveCfg = Debug|Any CPU
		{11EF4525-FE99-4ACA-B491-EA86FF983763}.Debug|Any CPU.Build.0 = Debug|Any CPU
		{11EF4525-FE99-4ACA-B491-EA86FF983763}.Release|Any CPU.ActiveCfg = Release|Any CPU
		{11EF4525-FE99-4ACA-B491-EA86FF983763}.Release|Any CPU.Build.0 = Release|Any CPU
	EndGlobalSection
	GlobalSection(SolutionProperties) = preSolution
		HideSolutionNode = FALSE
	EndGlobalSection
EndGlobal
